
Microsoft Visual Studio Solution File, Format Version 12.00
# Visual Studio Version 17
VisualStudioVersion = 17.0.31611.283
MinimumVisualStudioVersion = 10.0.40219.1
Project("{9A19103F-16F7-4668-BE54-9A1E7A4F7556}") = "Plugin.Maui.Rive.Sample", "Plugin.Maui.Rive.Sample\Plugin.Maui.Rive.Sample.csproj", "{490BB138-9606-4FFF-8AAD-841C5B1ED059}"
EndProject
Project("{9A19103F-16F7-4668-BE54-9A1E7A4F7556}") = "Plugin.Maui.Rive", "..\src\Plugin.Maui.Rive\Plugin.Maui.Rive.csproj", "{B60F3174-E978-4F2B-B117-F6F0327594C8}"
EndProject
Project("{9A19103F-16F7-4668-BE54-9A1E7A4F7556}") = "Plugin.Maui.Rive.iOS.Binding", "..\src\Plugin.Maui.Rive.iOS.Binding\Plugin.Maui.Rive.iOS.Binding.csproj", "{A1B2C3D4-E5F6-7890-ABCD-EF1234567890}"
EndProject
Project("{FAE04EC0-301F-11D3-BF4B-00C04F79EFBC}") = "Plugin.Maui.Rive.Android.Binding", "..\src\Plugin.Maui.Rive.Android.Binding\Plugin.Maui.Rive.Android.Binding.csproj", "{14D330E4-702E-47E6-9D3A-A4971FD40FE7}"
EndProject
Global
	GlobalSection(SolutionConfigurationPlatforms) = preSolution
		Debug|Any CPU = Debug|Any CPU
		Debug|x64 = Debug|x64
		Debug|x86 = Debug|x86
		Release|Any CPU = Release|Any CPU
		Release|x64 = Release|x64
		Release|x86 = Release|x86
	EndGlobalSection
	GlobalSection(ProjectConfigurationPlatforms) = postSolution
		{490BB138-9606-4FFF-8AAD-841C5B1ED059}.Debug|Any CPU.ActiveCfg = Debug|Any CPU
		{490BB138-9606-4FFF-8AAD-841C5B1ED059}.Debug|Any CPU.Build.0 = Debug|Any CPU
		{490BB138-9606-4FFF-8AAD-841C5B1ED059}.Debug|Any CPU.Deploy.0 = Debug|Any CPU
		{490BB138-9606-4FFF-8AAD-841C5B1ED059}.Debug|x64.ActiveCfg = Debug|Any CPU
		{490BB138-9606-4FFF-8AAD-841C5B1ED059}.Debug|x64.Build.0 = Debug|Any CPU
		{490BB138-9606-4FFF-8AAD-841C5B1ED059}.Debug|x86.ActiveCfg = Debug|Any CPU
		{490BB138-9606-4FFF-8AAD-841C5B1ED059}.Debug|x86.Build.0 = Debug|Any CPU
		{490BB138-9606-4FFF-8AAD-841C5B1ED059}.Release|Any CPU.ActiveCfg = Release|Any CPU
		{490BB138-9606-4FFF-8AAD-841C5B1ED059}.Release|Any CPU.Build.0 = Release|Any CPU
		{490BB138-9606-4FFF-8AAD-841C5B1ED059}.Release|Any CPU.Deploy.0 = Release|Any CPU
		{490BB138-9606-4FFF-8AAD-841C5B1ED059}.Release|x64.ActiveCfg = Release|Any CPU
		{490BB138-9606-4FFF-8AAD-841C5B1ED059}.Release|x64.Build.0 = Release|Any CPU
		{490BB138-9606-4FFF-8AAD-841C5B1ED059}.Release|x86.ActiveCfg = Release|Any CPU
		{490BB138-9606-4FFF-8AAD-841C5B1ED059}.Release|x86.Build.0 = Release|Any CPU
		{B60F3174-E978-4F2B-B117-F6F0327594C8}.Debug|Any CPU.ActiveCfg = Debug|Any CPU
		{B60F3174-E978-4F2B-B117-F6F0327594C8}.Debug|Any CPU.Build.0 = Debug|Any CPU
		{B60F3174-E978-4F2B-B117-F6F0327594C8}.Debug|x64.ActiveCfg = Debug|Any CPU
		{B60F3174-E978-4F2B-B117-F6F0327594C8}.Debug|x64.Build.0 = Debug|Any CPU
		{B60F3174-E978-4F2B-B117-F6F0327594C8}.Debug|x86.ActiveCfg = Debug|Any CPU
		{B60F3174-E978-4F2B-B117-F6F0327594C8}.Debug|x86.Build.0 = Debug|Any CPU
		{B60F3174-E978-4F2B-B117-F6F0327594C8}.Release|Any CPU.ActiveCfg = Release|Any CPU
		{B60F3174-E978-4F2B-B117-F6F0327594C8}.Release|Any CPU.Build.0 = Release|Any CPU
		{B60F3174-E978-4F2B-B117-F6F0327594C8}.Release|x64.ActiveCfg = Release|Any CPU
		{B60F3174-E978-4F2B-B117-F6F0327594C8}.Release|x64.Build.0 = Release|Any CPU
		{B60F3174-E978-4F2B-B117-F6F0327594C8}.Release|x86.ActiveCfg = Release|Any CPU
		{B60F3174-E978-4F2B-B117-F6F0327594C8}.Release|x86.Build.0 = Release|Any CPU
		{A1B2C3D4-E5F6-7890-ABCD-EF1234567890}.Debug|x64.ActiveCfg = Debug|Any CPU
		{A1B2C3D4-E5F6-7890-ABCD-EF1234567890}.Debug|x64.Build.0 = Debug|Any CPU
		{A1B2C3D4-E5F6-7890-ABCD-EF1234567890}.Debug|x86.ActiveCfg = Debug|Any CPU
		{A1B2C3D4-E5F6-7890-ABCD-EF1234567890}.Debug|x86.Build.0 = Debug|Any CPU
		{A1B2C3D4-E5F6-7890-ABCD-EF1234567890}.Release|x64.ActiveCfg = Release|Any CPU
		{A1B2C3D4-E5F6-7890-ABCD-EF1234567890}.Release|x64.Build.0 = Release|Any CPU
		{A1B2C3D4-E5F6-7890-ABCD-EF1234567890}.Release|x86.ActiveCfg = Release|Any CPU
		{A1B2C3D4-E5F6-7890-ABCD-EF1234567890}.Release|x86.Build.0 = Release|Any CPU
		{14D330E4-702E-47E6-9D3A-A4971FD40FE7}.Debug|Any CPU.ActiveCfg = Debug|Any CPU
		{14D330E4-702E-47E6-9D3A-A4971FD40FE7}.Debug|Any CPU.Build.0 = Debug|Any CPU
		{14D330E4-702E-47E6-9D3A-A4971FD40FE7}.Debug|x64.ActiveCfg = Debug|Any CPU
		{14D330E4-702E-47E6-9D3A-A4971FD40FE7}.Debug|x64.Build.0 = Debug|Any CPU
		{14D330E4-702E-47E6-9D3A-A4971FD40FE7}.Debug|x86.ActiveCfg = Debug|Any CPU
		{14D330E4-702E-47E6-9D3A-A4971FD40FE7}.Debug|x86.Build.0 = Debug|Any CPU
		{14D330E4-702E-47E6-9D3A-A4971FD40FE7}.Release|Any CPU.ActiveCfg = Release|Any CPU
		{14D330E4-702E-47E6-9D3A-A4971FD40FE7}.Release|Any CPU.Build.0 = Release|Any CPU
		{14D330E4-702E-47E6-9D3A-A4971FD40FE7}.Release|x64.ActiveCfg = Release|Any CPU
		{14D330E4-702E-47E6-9D3A-A4971FD40FE7}.Release|x64.Build.0 = Release|Any CPU
		{14D330E4-702E-47E6-9D3A-A4971FD40FE7}.Release|x86.ActiveCfg = Release|Any CPU
		{14D330E4-702E-47E6-9D3A-A4971FD40FE7}.Release|x86.Build.0 = Release|Any CPU
	EndGlobalSection
	GlobalSection(SolutionProperties) = preSolution
		HideSolutionNode = FALSE
	EndGlobalSection
	GlobalSection(ExtensibilityGlobals) = postSolution
		SolutionGuid = {61F7FB11-1E47-470C-91E2-47F8143E1572}
	EndGlobalSection
EndGlobal
